// !$*UTF8*$!
{
	archiveVersion = 1;
	classes = {
	};
	objectVersion = 52;
	objects = {

/* Begin PBXBuildFile section */
		6B298BFE25D98D07006F728A /* DataStore.swift in Sources */ = {isa = PBXBuildFile; fileRef = 6B298BFD25D98D07006F728A /* DataStore.swift */; };
		6B298C0125D99E4F006F728A /* Contentful in Frameworks */ = {isa = PBXBuildFile; productRef = 6B298C0025D99E4F006F728A /* Contentful */; };
		6B298C0325D9A482006F728A /* CourseStore.swift in Sources */ = {isa = PBXBuildFile; fileRef = 6B298C0225D9A482006F728A /* CourseStore.swift */; };
		6B298C0C25DABA34006F728A /* SDWebImage in Frameworks */ = {isa = PBXBuildFile; productRef = 6B298C0B25DABA34006F728A /* SDWebImage */; };
		6B298C0F25DABFBF006F728A /* SDWebImageSwiftUI in Frameworks */ = {isa = PBXBuildFile; productRef = 6B298C0E25DABFBF006F728A /* SDWebImageSwiftUI */; };
		6B9B2F2725D6BF66008A6614 /* Design_CodeAppApp.swift in Sources */ = {isa = PBXBuildFile; fileRef = 6B9B2F2625D6BF66008A6614 /* Design_CodeAppApp.swift */; };
		6B9B2F2925D6BF66008A6614 /* ContentView.swift in Sources */ = {isa = PBXBuildFile; fileRef = 6B9B2F2825D6BF66008A6614 /* ContentView.swift */; };
		6B9B2F2B25D6BF68008A6614 /* Assets.xcassets in Resources */ = {isa = PBXBuildFile; fileRef = 6B9B2F2A25D6BF68008A6614 /* Assets.xcassets */; };
		6B9B2F2E25D6BF68008A6614 /* Preview Assets.xcassets in Resources */ = {isa = PBXBuildFile; fileRef = 6B9B2F2D25D6BF68008A6614 /* Preview Assets.xcassets */; };
		6B9B2F3825D6FFC9008A6614 /* MenuView.swift in Sources */ = {isa = PBXBuildFile; fileRef = 6B9B2F3725D6FFC9008A6614 /* MenuView.swift */; };
		6B9B2F3A25D70CCD008A6614 /* Home.swift in Sources */ = {isa = PBXBuildFile; fileRef = 6B9B2F3925D70CCD008A6614 /* Home.swift */; };
		6B9B2F3C25D71F1D008A6614 /* HomeView.swift in Sources */ = {isa = PBXBuildFile; fileRef = 6B9B2F3B25D71F1D008A6614 /* HomeView.swift */; };
		6B9B2F3E25D73CB1008A6614 /* UpdateList.swift in Sources */ = {isa = PBXBuildFile; fileRef = 6B9B2F3D25D73CB1008A6614 /* UpdateList.swift */; };
		6B9B2F4025D7572C008A6614 /* UpdateDetail.swift in Sources */ = {isa = PBXBuildFile; fileRef = 6B9B2F3F25D7572C008A6614 /* UpdateDetail.swift */; };
		6B9B2F4225D75EFD008A6614 /* UpdateStore.swift in Sources */ = {isa = PBXBuildFile; fileRef = 6B9B2F4125D75EFD008A6614 /* UpdateStore.swift */; };
		6BA973B925D7FCC300D61339 /* TabBar.swift in Sources */ = {isa = PBXBuildFile; fileRef = 6BA973B825D7FCC300D61339 /* TabBar.swift */; };
		6BA973BB25D80E6500D61339 /* RingView.swift in Sources */ = {isa = PBXBuildFile; fileRef = 6BA973BA25D80E6500D61339 /* RingView.swift */; };
		6BA973BD25D85CEA00D61339 /* Modifers.swift in Sources */ = {isa = PBXBuildFile; fileRef = 6BA973BC25D85CEA00D61339 /* Modifers.swift */; };
		6BA973BF25D85F3C00D61339 /* Work_Sans in Resources */ = {isa = PBXBuildFile; fileRef = 6BA973BE25D85F3C00D61339 /* Work_Sans */; };
		6BA973C125D86E9100D61339 /* CourseList.swift in Sources */ = {isa = PBXBuildFile; fileRef = 6BA973C025D86E9100D61339 /* CourseList.swift */; };
		6BA973C325D96BA700D61339 /* CourseDetail.swift in Sources */ = {isa = PBXBuildFile; fileRef = 6BA973C225D96BA700D61339 /* CourseDetail.swift */; };
		6BA973C525D9766500D61339 /* Data.swift in Sources */ = {isa = PBXBuildFile; fileRef = 6BA973C425D9766500D61339 /* Data.swift */; };
		6BA973C725D9796600D61339 /* PostList.swift in Sources */ = {isa = PBXBuildFile; fileRef = 6BA973C625D9796600D61339 /* PostList.swift */; };
/* End PBXBuildFile section */

/* Begin PBXFileReference section */
		6B298BFD25D98D07006F728A /* DataStore.swift */ = {isa = PBXFileReference; lastKnownFileType = sourcecode.swift; path = DataStore.swift; sourceTree = "<group>"; };
		6B298C0225D9A482006F728A /* CourseStore.swift */ = {isa = PBXFileReference; lastKnownFileType = sourcecode.swift; path = CourseStore.swift; sourceTree = "<group>"; };
		6B9B2F2325D6BF66008A6614 /* Design+CodeApp.app */ = {isa = PBXFileReference; explicitFileType = wrapper.application; includeInIndex = 0; path = "Design+CodeApp.app"; sourceTree = BUILT_PRODUCTS_DIR; };
		6B9B2F2625D6BF66008A6614 /* Design_CodeAppApp.swift */ = {isa = PBXFileReference; lastKnownFileType = sourcecode.swift; path = Design_CodeAppApp.swift; sourceTree = "<group>"; };
		6B9B2F2825D6BF66008A6614 /* ContentView.swift */ = {isa = PBXFileReference; lastKnownFileType = sourcecode.swift; path = ContentView.swift; sourceTree = "<group>"; };
		6B9B2F2A25D6BF68008A6614 /* Assets.xcassets */ = {isa = PBXFileReference; lastKnownFileType = folder.assetcatalog; path = Assets.xcassets; sourceTree = "<group>"; };
		6B9B2F2D25D6BF68008A6614 /* Preview Assets.xcassets */ = {isa = PBXFileReference; lastKnownFileType = folder.assetcatalog; path = "Preview Assets.xcassets"; sourceTree = "<group>"; };
		6B9B2F2F25D6BF68008A6614 /* Info.plist */ = {isa = PBXFileReference; lastKnownFileType = text.plist.xml; path = Info.plist; sourceTree = "<group>"; };
		6B9B2F3725D6FFC9008A6614 /* MenuView.swift */ = {isa = PBXFileReference; lastKnownFileType = sourcecode.swift; path = MenuView.swift; sourceTree = "<group>"; };
		6B9B2F3925D70CCD008A6614 /* Home.swift */ = {isa = PBXFileReference; lastKnownFileType = sourcecode.swift; path = Home.swift; sourceTree = "<group>"; };
		6B9B2F3B25D71F1D008A6614 /* HomeView.swift */ = {isa = PBXFileReference; lastKnownFileType = sourcecode.swift; path = HomeView.swift; sourceTree = "<group>"; };
		6B9B2F3D25D73CB1008A6614 /* UpdateList.swift */ = {isa = PBXFileReference; lastKnownFileType = sourcecode.swift; path = UpdateList.swift; sourceTree = "<group>"; };
		6B9B2F3F25D7572C008A6614 /* UpdateDetail.swift */ = {isa = PBXFileReference; lastKnownFileType = sourcecode.swift; path = UpdateDetail.swift; sourceTree = "<group>"; };
		6B9B2F4125D75EFD008A6614 /* UpdateStore.swift */ = {isa = PBXFileReference; lastKnownFileType = sourcecode.swift; path = UpdateStore.swift; sourceTree = "<group>"; };
		6BA973B825D7FCC300D61339 /* TabBar.swift */ = {isa = PBXFileReference; lastKnownFileType = sourcecode.swift; path = TabBar.swift; sourceTree = "<group>"; };
		6BA973BA25D80E6500D61339 /* RingView.swift */ = {isa = PBXFileReference; lastKnownFileType = sourcecode.swift; path = RingView.swift; sourceTree = "<group>"; };
		6BA973BC25D85CEA00D61339 /* Modifers.swift */ = {isa = PBXFileReference; lastKnownFileType = sourcecode.swift; path = Modifers.swift; sourceTree = "<group>"; };
		6BA973BE25D85F3C00D61339 /* Work_Sans */ = {isa = PBXFileReference; lastKnownFileType = folder; path = Work_Sans; sourceTree = "<group>"; };
		6BA973C025D86E9100D61339 /* CourseList.swift */ = {isa = PBXFileReference; lastKnownFileType = sourcecode.swift; path = CourseList.swift; sourceTree = "<group>"; };
		6BA973C225D96BA700D61339 /* CourseDetail.swift */ = {isa = PBXFileReference; lastKnownFileType = sourcecode.swift; path = CourseDetail.swift; sourceTree = "<group>"; };
		6BA973C425D9766500D61339 /* Data.swift */ = {isa = PBXFileReference; lastKnownFileType = sourcecode.swift; path = Data.swift; sourceTree = "<group>"; };
		6BA973C625D9796600D61339 /* PostList.swift */ = {isa = PBXFileReference; lastKnownFileType = sourcecode.swift; path = PostList.swift; sourceTree = "<group>"; };
/* End PBXFileReference section */

/* Begin PBXFrameworksBuildPhase section */
		6B9B2F2025D6BF66008A6614 /* Frameworks */ = {
			isa = PBXFrameworksBuildPhase;
			buildActionMask = 2147483647;
			files = (
				6B298C0F25DABFBF006F728A /* SDWebImageSwiftUI in Frameworks */,
				6B298C0C25DABA34006F728A /* SDWebImage in Frameworks */,
				6B298C0125D99E4F006F728A /* Contentful in Frameworks */,
			);
			runOnlyForDeploymentPostprocessing = 0;
		};
/* End PBXFrameworksBuildPhase section */

/* Begin PBXGroup section */
		6B9B2F1A25D6BF66008A6614 = {
			isa = PBXGroup;
			children = (
				6B9B2F2525D6BF66008A6614 /* Design+CodeApp */,
				6B9B2F2425D6BF66008A6614 /* Products */,
			);
			sourceTree = "<group>";
		};
		6B9B2F2425D6BF66008A6614 /* Products */ = {
			isa = PBXGroup;
			children = (
				6B9B2F2325D6BF66008A6614 /* Design+CodeApp.app */,
			);
			name = Products;
			sourceTree = "<group>";
		};
		6B9B2F2525D6BF66008A6614 /* Design+CodeApp */ = {
			isa = PBXGroup;
			children = (
				6B9B2F2625D6BF66008A6614 /* Design_CodeAppApp.swift */,
				6B9B2F2825D6BF66008A6614 /* ContentView.swift */,
				6BA973BA25D80E6500D61339 /* RingView.swift */,
				6B9B2F3925D70CCD008A6614 /* Home.swift */,
				6BA973C025D86E9100D61339 /* CourseList.swift */,
				6B298C0225D9A482006F728A /* CourseStore.swift */,
				6BA973C225D96BA700D61339 /* CourseDetail.swift */,
				6B9B2F3B25D71F1D008A6614 /* HomeView.swift */,
				6B9B2F3725D6FFC9008A6614 /* MenuView.swift */,
				6B9B2F3D25D73CB1008A6614 /* UpdateList.swift */,
				6B9B2F3F25D7572C008A6614 /* UpdateDetail.swift */,
				6B9B2F4125D75EFD008A6614 /* UpdateStore.swift */,
				6BA973C425D9766500D61339 /* Data.swift */,
				6B298BFD25D98D07006F728A /* DataStore.swift */,
				6BA973C625D9796600D61339 /* PostList.swift */,
				6BA973B825D7FCC300D61339 /* TabBar.swift */,
				6BA973BC25D85CEA00D61339 /* Modifers.swift */,
				6B9B2F2A25D6BF68008A6614 /* Assets.xcassets */,
				6BA973BE25D85F3C00D61339 /* Work_Sans */,
				6B9B2F2F25D6BF68008A6614 /* Info.plist */,
				6B9B2F2C25D6BF68008A6614 /* Preview Content */,
			);
			path = "Design+CodeApp";
			sourceTree = "<group>";
		};
		6B9B2F2C25D6BF68008A6614 /* Preview Content */ = {
			isa = PBXGroup;
			children = (
				6B9B2F2D25D6BF68008A6614 /* Preview Assets.xcassets */,
			);
			path = "Preview Content";
			sourceTree = "<group>";
		};
/* End PBXGroup section */

/* Begin PBXNativeTarget section */
		6B9B2F2225D6BF66008A6614 /* Design+CodeApp */ = {
			isa = PBXNativeTarget;
			buildConfigurationList = 6B9B2F3225D6BF68008A6614 /* Build configuration list for PBXNativeTarget "Design+CodeApp" */;
			buildPhases = (
				6B9B2F1F25D6BF66008A6614 /* Sources */,
				6B9B2F2025D6BF66008A6614 /* Frameworks */,
				6B9B2F2125D6BF66008A6614 /* Resources */,
			);
			buildRules = (
			);
			dependencies = (
			);
			name = "Design+CodeApp";
			packageProductDependencies = (
				6B298C0025D99E4F006F728A /* Contentful */,
				6B298C0B25DABA34006F728A /* SDWebImage */,
				6B298C0E25DABFBF006F728A /* SDWebImageSwiftUI */,
			);
			productName = "Design+CodeApp";
			productReference = 6B9B2F2325D6BF66008A6614 /* Design+CodeApp.app */;
			productType = "com.apple.product-type.application";
		};
/* End PBXNativeTarget section */

/* Begin PBXProject section */
		6B9B2F1B25D6BF66008A6614 /* Project object */ = {
			isa = PBXProject;
			attributes = {
				LastSwiftUpdateCheck = 1250;
				LastUpgradeCheck = 1250;
				TargetAttributes = {
					6B9B2F2225D6BF66008A6614 = {
						CreatedOnToolsVersion = 12.5;
					};
				};
			};
			buildConfigurationList = 6B9B2F1E25D6BF66008A6614 /* Build configuration list for PBXProject "Design+CodeApp" */;
			compatibilityVersion = "Xcode 9.3";
			developmentRegion = en;
			hasScannedForEncodings = 0;
			knownRegions = (
				en,
				Base,
			);
			mainGroup = 6B9B2F1A25D6BF66008A6614;
			packageReferences = (
				6B298BFF25D99E4F006F728A /* XCRemoteSwiftPackageReference "contentful" */,
				6B298C0A25DABA34006F728A /* XCRemoteSwiftPackageReference "SDWebImage" */,
				6B298C0D25DABFBF006F728A /* XCRemoteSwiftPackageReference "SDWebImageSwiftUI" */,
			);
			productRefGroup = 6B9B2F2425D6BF66008A6614 /* Products */;
			projectDirPath = "";
			projectRoot = "";
			targets = (
				6B9B2F2225D6BF66008A6614 /* Design+CodeApp */,
			);
		};
/* End PBXProject section */

/* Begin PBXResourcesBuildPhase section */
		6B9B2F2125D6BF66008A6614 /* Resources */ = {
			isa = PBXResourcesBuildPhase;
			buildActionMask = 2147483647;
			files = (
				6B9B2F2E25D6BF68008A6614 /* Preview Assets.xcassets in Resources */,
				6B9B2F2B25D6BF68008A6614 /* Assets.xcassets in Resources */,
				6BA973BF25D85F3C00D61339 /* Work_Sans in Resources */,
			);
			runOnlyForDeploymentPostprocessing = 0;
		};
/* End PBXResourcesBuildPhase section */

/* Begin PBXSourcesBuildPhase section */
		6B9B2F1F25D6BF66008A6614 /* Sources */ = {
			isa = PBXSourcesBuildPhase;
			buildActionMask = 2147483647;
			files = (
				6BA973BB25D80E6500D61339 /* RingView.swift in Sources */,
				6B298BFE25D98D07006F728A /* DataStore.swift in Sources */,
				6BA973C725D9796600D61339 /* PostList.swift in Sources */,
				6BA973B925D7FCC300D61339 /* TabBar.swift in Sources */,
				6BA973BD25D85CEA00D61339 /* Modifers.swift in Sources */,
				6B9B2F4025D7572C008A6614 /* UpdateDetail.swift in Sources */,
				6BA973C125D86E9100D61339 /* CourseList.swift in Sources */,
				6B298C0325D9A482006F728A /* CourseStore.swift in Sources */,
				6B9B2F2925D6BF66008A6614 /* ContentView.swift in Sources */,
				6B9B2F3825D6FFC9008A6614 /* MenuView.swift in Sources */,
				6BA973C525D9766500D61339 /* Data.swift in Sources */,
				6B9B2F3E25D73CB1008A6614 /* UpdateList.swift in Sources */,
				6B9B2F4225D75EFD008A6614 /* UpdateStore.swift in Sources */,
				6B9B2F3A25D70CCD008A6614 /* Home.swift in Sources */,
				6BA973C325D96BA700D61339 /* CourseDetail.swift in Sources */,
				6B9B2F3C25D71F1D008A6614 /* HomeView.swift in Sources */,
				6B9B2F2725D6BF66008A6614 /* Design_CodeAppApp.swift in Sources */,
			);
			runOnlyForDeploymentPostprocessing = 0;
		};
/* End PBXSourcesBuildPhase section */

/* Begin XCBuildConfiguration section */
		6B9B2F3025D6BF68008A6614 /* Debug */ = {
			isa = XCBuildConfiguration;
			buildSettings = {
				ALWAYS_SEARCH_USER_PATHS = NO;
				CLANG_ANALYZER_NONNULL = YES;
				CLANG_ANALYZER_NUMBER_OBJECT_CONVERSION = YES_AGGRESSIVE;
				CLANG_CXX_LANGUAGE_STANDARD = "gnu++14";
				CLANG_CXX_LIBRARY = "libc++";
				CLANG_ENABLE_MODULES = YES;
				CLANG_ENABLE_OBJC_ARC = YES;
				CLANG_ENABLE_OBJC_WEAK = YES;
				CLANG_WARN_BLOCK_CAPTURE_AUTORELEASING = YES;
				CLANG_WARN_BOOL_CONVERSION = YES;
				CLANG_WARN_COMMA = YES;
				CLANG_WARN_CONSTANT_CONVERSION = YES;
				CLANG_WARN_DEPRECATED_OBJC_IMPLEMENTATIONS = YES;
				CLANG_WARN_DIRECT_OBJC_ISA_USAGE = YES_ERROR;
				CLANG_WARN_DOCUMENTATION_COMMENTS = YES;
				CLANG_WARN_EMPTY_BODY = YES;
				CLANG_WARN_ENUM_CONVERSION = YES;
				CLANG_WARN_INFINITE_RECURSION = YES;
				CLANG_WARN_INT_CONVERSION = YES;
				CLANG_WARN_NON_LITERAL_NULL_CONVERSION = YES;
				CLANG_WARN_OBJC_IMPLICIT_RETAIN_SELF = YES;
				CLANG_WARN_OBJC_LITERAL_CONVERSION = YES;
				CLANG_WARN_OBJC_ROOT_CLASS = YES_ERROR;
				CLANG_WARN_QUOTED_INCLUDE_IN_FRAMEWORK_HEADER = YES;
				CLANG_WARN_RANGE_LOOP_ANALYSIS = YES;
				CLANG_WARN_STRICT_PROTOTYPES = YES;
				CLANG_WARN_SUSPICIOUS_MOVE = YES;
				CLANG_WARN_UNGUARDED_AVAILABILITY = YES_AGGRESSIVE;
				CLANG_WARN_UNREACHABLE_CODE = YES;
				CLANG_WARN__DUPLICATE_METHOD_MATCH = YES;
				COPY_PHASE_STRIP = NO;
				DEBUG_INFORMATION_FORMAT = dwarf;
				ENABLE_STRICT_OBJC_MSGSEND = YES;
				ENABLE_TESTABILITY = YES;
				GCC_C_LANGUAGE_STANDARD = gnu11;
				GCC_DYNAMIC_NO_PIC = NO;
				GCC_NO_COMMON_BLOCKS = YES;
				GCC_OPTIMIZATION_LEVEL = 0;
				GCC_PREPROCESSOR_DEFINITIONS = (
					"DEBUG=1",
					"$(inherited)",
				);
				GCC_WARN_64_TO_32_BIT_CONVERSION = YES;
				GCC_WARN_ABOUT_RETURN_TYPE = YES_ERROR;
				GCC_WARN_UNDECLARED_SELECTOR = YES;
				GCC_WARN_UNINITIALIZED_AUTOS = YES_AGGRESSIVE;
				GCC_WARN_UNUSED_FUNCTION = YES;
				GCC_WARN_UNUSED_VARIABLE = YES;
				IPHONEOS_DEPLOYMENT_TARGET = 14.5;
				MTL_ENABLE_DEBUG_INFO = INCLUDE_SOURCE;
				MTL_FAST_MATH = YES;
				ONLY_ACTIVE_ARCH = YES;
				SDKROOT = iphoneos;
				SWIFT_ACTIVE_COMPILATION_CONDITIONS = DEBUG;
				SWIFT_OPTIMIZATION_LEVEL = "-Onone";
			};
			name = Debug;
		};
		6B9B2F3125D6BF68008A6614 /* Release */ = {
			isa = XCBuildConfiguration;
			buildSettings = {
				ALWAYS_SEARCH_USER_PATHS = NO;
				CLANG_ANALYZER_NONNULL = YES;
				CLANG_ANALYZER_NUMBER_OBJECT_CONVERSION = YES_AGGRESSIVE;
				CLANG_CXX_LANGUAGE_STANDARD = "gnu++14";
				CLANG_CXX_LIBRARY = "libc++";
				CLANG_ENABLE_MODULES = YES;
				CLANG_ENABLE_OBJC_ARC = YES;
				CLANG_ENABLE_OBJC_WEAK = YES;
				CLANG_WARN_BLOCK_CAPTURE_AUTORELEASING = YES;
				CLANG_WARN_BOOL_CONVERSION = YES;
				CLANG_WARN_COMMA = YES;
				CLANG_WARN_CONSTANT_CONVERSION = YES;
				CLANG_WARN_DEPRECATED_OBJC_IMPLEMENTATIONS = YES;
				CLANG_WARN_DIRECT_OBJC_ISA_USAGE = YES_ERROR;
				CLANG_WARN_DOCUMENTATION_COMMENTS = YES;
				CLANG_WARN_EMPTY_BODY = YES;
				CLANG_WARN_ENUM_CONVERSION = YES;
				CLANG_WARN_INFINITE_RECURSION = YES;
				CLANG_WARN_INT_CONVERSION = YES;
				CLANG_WARN_NON_LITERAL_NULL_CONVERSION = YES;
				CLANG_WARN_OBJC_IMPLICIT_RETAIN_SELF = YES;
				CLANG_WARN_OBJC_LITERAL_CONVERSION = YES;
				CLANG_WARN_OBJC_ROOT_CLASS = YES_ERROR;
				CLANG_WARN_QUOTED_INCLUDE_IN_FRAMEWORK_HEADER = YES;
				CLANG_WARN_RANGE_LOOP_ANALYSIS = YES;
				CLANG_WARN_STRICT_PROTOTYPES = YES;
				CLANG_WARN_SUSPICIOUS_MOVE = YES;
				CLANG_WARN_UNGUARDED_AVAILABILITY = YES_AGGRESSIVE;
				CLANG_WARN_UNREACHABLE_CODE = YES;
				CLANG_WARN__DUPLICATE_METHOD_MATCH = YES;
				COPY_PHASE_STRIP = NO;
				DEBUG_INFORMATION_FORMAT = "dwarf-with-dsym";
				ENABLE_NS_ASSERTIONS = NO;
				ENABLE_STRICT_OBJC_MSGSEND = YES;
				GCC_C_LANGUAGE_STANDARD = gnu11;
				GCC_NO_COMMON_BLOCKS = YES;
				GCC_WARN_64_TO_32_BIT_CONVERSION = YES;
				GCC_WARN_ABOUT_RETURN_TYPE = YES_ERROR;
				GCC_WARN_UNDECLARED_SELECTOR = YES;
				GCC_WARN_UNINITIALIZED_AUTOS = YES_AGGRESSIVE;
				GCC_WARN_UNUSED_FUNCTION = YES;
				GCC_WARN_UNUSED_VARIABLE = YES;
				IPHONEOS_DEPLOYMENT_TARGET = 14.5;
				MTL_ENABLE_DEBUG_INFO = NO;
				MTL_FAST_MATH = YES;
				SDKROOT = iphoneos;
				SWIFT_COMPILATION_MODE = wholemodule;
				SWIFT_OPTIMIZATION_LEVEL = "-O";
				VALIDATE_PRODUCT = YES;
			};
			name = Release;
		};
		6B9B2F3325D6BF68008A6614 /* Debug */ = {
			isa = XCBuildConfiguration;
			buildSettings = {
				ASSETCATALOG_COMPILER_APPICON_NAME = AppIcon;
				ASSETCATALOG_COMPILER_GLOBAL_ACCENT_COLOR_NAME = AccentColor;
				CODE_SIGN_STYLE = Automatic;
				DEVELOPMENT_ASSET_PATHS = "\"Design+CodeApp/Preview Content\"";
				DEVELOPMENT_TEAM = D47C2NZJN5;
				ENABLE_PREVIEWS = YES;
				INFOPLIST_FILE = "Design+CodeApp/Info.plist";
				IPHONEOS_DEPLOYMENT_TARGET = 14.0;
				LD_RUNPATH_SEARCH_PATHS = (
					"$(inherited)",
					"@executable_path/Frameworks",
				);
				PRODUCT_BUNDLE_IDENTIFIER = "Matthew.Garlington.Design-CodeApp";
				PRODUCT_NAME = "$(TARGET_NAME)";
				SWIFT_VERSION = 5.0;
				TARGETED_DEVICE_FAMILY = "1,2";
			};
			name = Debug;
		};
		6B9B2F3425D6BF68008A6614 /* Release */ = {
			isa = XCBuildConfiguration;
			buildSettings = {
				ASSETCATALOG_COMPILER_APPICON_NAME = AppIcon;
				ASSETCATALOG_COMPILER_GLOBAL_ACCENT_COLOR_NAME = AccentColor;
				CODE_SIGN_STYLE = Automatic;
				DEVELOPMENT_ASSET_PATHS = "\"Design+CodeApp/Preview Content\"";
				DEVELOPMENT_TEAM = D47C2NZJN5;
				ENABLE_PREVIEWS = YES;
				INFOPLIST_FILE = "Design+CodeApp/Info.plist";
				IPHONEOS_DEPLOYMENT_TARGET = 14.0;
				LD_RUNPATH_SEARCH_PATHS = (
					"$(inherited)",
					"@executable_path/Frameworks",
				);
				PRODUCT_BUNDLE_IDENTIFIER = "Matthew.Garlington.Design-CodeApp";
				PRODUCT_NAME = "$(TARGET_NAME)";
				SWIFT_VERSION = 5.0;
				TARGETED_DEVICE_FAMILY = "1,2";
			};
			name = Release;
		};
/* End XCBuildConfiguration section */

/* Begin XCConfigurationList section */
		6B9B2F1E25D6BF66008A6614 /* Build configuration list for PBXProject "Design+CodeApp" */ = {
			isa = XCConfigurationList;
			buildConfigurations = (
				6B9B2F3025D6BF68008A6614 /* Debug */,
				6B9B2F3125D6BF68008A6614 /* Release */,
			);
			defaultConfigurationIsVisible = 0;
			defaultConfigurationName = Release;
		};
		6B9B2F3225D6BF68008A6614 /* Build configuration list for PBXNativeTarget "Design+CodeApp" */ = {
			isa = XCConfigurationList;
			buildConfigurations = (
				6B9B2F3325D6BF68008A6614 /* Debug */,
				6B9B2F3425D6BF68008A6614 /* Release */,
			);
			defaultConfigurationIsVisible = 0;
			defaultConfigurationName = Release;
		};
/* End XCConfigurationList section */

/* Begin XCRemoteSwiftPackageReference section */
		6B298BFF25D99E4F006F728A /* XCRemoteSwiftPackageReference "contentful" */ = {
			isa = XCRemoteSwiftPackageReference;
			repositoryURL = "https://github.com/contentful/contentful.swift";
			requirement = {
				kind = upToNextMajorVersion;
				minimumVersion = 5.4.1;
			};
		};
		6B298C0A25DABA34006F728A /* XCRemoteSwiftPackageReference "SDWebImage" */ = {
			isa = XCRemoteSwiftPackageReference;
			repositoryURL = "https://github.com/SDWebImage/SDWebImage.git";
			requirement = {
				kind = upToNextMajorVersion;
				minimumVersion = 5.10.4;
			};
		};
		6B298C0D25DABFBF006F728A /* XCRemoteSwiftPackageReference "SDWebImageSwiftUI" */ = {
			isa = XCRemoteSwiftPackageReference;
			repositoryURL = "https://github.com/SDWebImage/SDWebImageSwiftUI.git";
			requirement = {
				kind = upToNextMajorVersion;
				minimumVersion = 1.5.0;
			};
		};
/* End XCRemoteSwiftPackageReference section */

/* Begin XCSwiftPackageProductDependency section */
		6B298C0025D99E4F006F728A /* Contentful */ = {
			isa = XCSwiftPackageProductDependency;
			package = 6B298BFF25D99E4F006F728A /* XCRemoteSwiftPackageReference "contentful" */;
			productName = Contentful;
		};
		6B298C0B25DABA34006F728A /* SDWebImage */ = {
			isa = XCSwiftPackageProductDependency;
			package = 6B298C0A25DABA34006F728A /* XCRemoteSwiftPackageReference "SDWebImage" */;
			productName = SDWebImage;
		};
		6B298C0E25DABFBF006F728A /* SDWebImageSwiftUI */ = {
			isa = XCSwiftPackageProductDependency;
			package = 6B298C0D25DABFBF006F728A /* XCRemoteSwiftPackageReference "SDWebImageSwiftUI" */;
			productName = SDWebImageSwiftUI;
		};
/* End XCSwiftPackageProductDependency section */
	};
	rootObject = 6B9B2F1B25D6BF66008A6614 /* Project object */;
}
